
Microsoft Visual Studio Solution File, Format Version 12.00
# Visual Studio 15
VisualStudioVersion = 15.0.26430.14
MinimumVisualStudioVersion = 10.0.40219.1
Project("{FAE04EC0-301F-11D3-BF4B-00C04F79EFBC}") = "AzureGovBotScaffold", "AzureGovBotScaffold\AzureGovBotScaffold.csproj", "{21052DE3-D759-4030-9BA5-476173506FCE}"
EndProject
Global
	GlobalSection(SolutionConfigurationPlatforms) = preSolution
		Debug|Any CPU = Debug|Any CPU
		Release|Any CPU = Release|Any CPU
	EndGlobalSection
	GlobalSection(ProjectConfigurationPlatforms) = postSolution
		{21052DE3-D759-4030-9BA5-476173506FCE}.Debug|Any CPU.ActiveCfg = Debug|Any CPU
		{21052DE3-D759-4030-9BA5-476173506FCE}.Debug|Any CPU.Build.0 = Debug|Any CPU
		{21052DE3-D759-4030-9BA5-476173506FCE}.Release|Any CPU.ActiveCfg = Release|Any CPU
		{21052DE3-D759-4030-9BA5-476173506FCE}.Release|Any CPU.Build.0 = Release|Any CPU
	EndGlobalSection
	GlobalSection(SolutionProperties) = preSolution
		HideSolutionNode = FALSE
	EndGlobalSection
EndGlobal
